// !$*UTF8*$!
{
	archiveVersion = 1;
	classes = {
	};
	objectVersion = 46;
	objects = {

/* Begin PBXBuildFile section */
		3D62CF171992788900BA642E /* AppDelegate.swift in Sources */ = {isa = PBXBuildFile; fileRef = 3D62CF161992788900BA642E /* AppDelegate.swift */; };
		3D62CF191992788900BA642E /* ViewController.swift in Sources */ = {isa = PBXBuildFile; fileRef = 3D62CF181992788900BA642E /* ViewController.swift */; };
		3D62CF1C1992788900BA642E /* Main.storyboard in Resources */ = {isa = PBXBuildFile; fileRef = 3D62CF1A1992788900BA642E /* Main.storyboard */; };
		3D62CF1E1992788900BA642E /* Images.xcassets in Resources */ = {isa = PBXBuildFile; fileRef = 3D62CF1D1992788900BA642E /* Images.xcassets */; };
		3D62CF2A1992788900BA642E /* itjh_iosTests.swift in Sources */ = {isa = PBXBuildFile; fileRef = 3D62CF291992788900BA642E /* itjh_iosTests.swift */; };
/* End PBXBuildFile section */

/* Begin PBXContainerItemProxy section */
		3D62CF241992788900BA642E /* PBXContainerItemProxy */ = {
			isa = PBXContainerItemProxy;
			containerPortal = 3D62CF091992788900BA642E /* Project object */;
			proxyType = 1;
			remoteGlobalIDString = 3D62CF101992788900BA642E;
			remoteInfo = itjh_ios;
		};
/* End PBXContainerItemProxy section */

/* Begin PBXFileReference section */
		3D62CF111992788900BA642E /* itjh_ios.app */ = {isa = PBXFileReference; explicitFileType = wrapper.application; includeInIndex = 0; path = itjh_ios.app; sourceTree = BUILT_PRODUCTS_DIR; };
		3D62CF151992788900BA642E /* Info.plist */ = {isa = PBXFileReference; lastKnownFileType = text.plist.xml; path = Info.plist; sourceTree = "<group>"; };
		3D62CF161992788900BA642E /* AppDelegate.swift */ = {isa = PBXFileReference; lastKnownFileType = sourcecode.swift; path = AppDelegate.swift; sourceTree = "<group>"; };
		3D62CF181992788900BA642E /* ViewController.swift */ = {isa = PBXFileReference; lastKnownFileType = sourcecode.swift; path = ViewController.swift; sourceTree = "<group>"; };
		3D62CF1B1992788900BA642E /* Base */ = {isa = PBXFileReference; lastKnownFileType = file.storyboard; name = Base; path = Base.lproj/Main.storyboard; sourceTree = "<group>"; };
		3D62CF1D1992788900BA642E /* Images.xcassets */ = {isa = PBXFileReference; lastKnownFileType = folder.assetcatalog; path = Images.xcassets; sourceTree = "<group>"; };
		3D62CF231992788900BA642E /* itjh_iosTests.xctest */ = {isa = PBXFileReference; explicitFileType = wrapper.cfbundle; includeInIndex = 0; path = itjh_iosTests.xctest; sourceTree = BUILT_PRODUCTS_DIR; };
		3D62CF281992788900BA642E /* Info.plist */ = {isa = PBXFileReference; lastKnownFileType = text.plist.xml; path = Info.plist; sourceTree = "<group>"; };
		3D62CF291992788900BA642E /* itjh_iosTests.swift */ = {isa = PBXFileReference; lastKnownFileType = sourcecode.swift; path = itjh_iosTests.swift; sourceTree = "<group>"; };
/* End PBXFileReference section */

/* Begin PBXFrameworksBuildPhase section */
		3D62CF0E1992788900BA642E /* Frameworks */ = {
			isa = PBXFrameworksBuildPhase;
			buildActionMask = 2147483647;
			files = (
			);
			runOnlyForDeploymentPostprocessing = 0;
		};
		3D62CF201992788900BA642E /* Frameworks */ = {
			isa = PBXFrameworksBuildPhase;
			buildActionMask = 2147483647;
			files = (
			);
			runOnlyForDeploymentPostprocessing = 0;
		};
/* End PBXFrameworksBuildPhase section */

/* Begin PBXGroup section */
		3D62CF081992788900BA642E = {
			isa = PBXGroup;
			children = (
				3D62CF131992788900BA642E /* itjh_ios */,
				3D62CF261992788900BA642E /* itjh_iosTests */,
				3D62CF121992788900BA642E /* Products */,
			);
			sourceTree = "<group>";
		};
		3D62CF121992788900BA642E /* Products */ = {
			isa = PBXGroup;
			children = (
				3D62CF111992788900BA642E /* itjh_ios.app */,
				3D62CF231992788900BA642E /* itjh_iosTests.xctest */,
			);
			name = Products;
			sourceTree = "<group>";
		};
		3D62CF131992788900BA642E /* itjh_ios */ = {
			isa = PBXGroup;
			children = (
				3D62CF161992788900BA642E /* AppDelegate.swift */,
				3D62CF181992788900BA642E /* ViewController.swift */,
				3D62CF1A1992788900BA642E /* Main.storyboard */,
				3D62CF1D1992788900BA642E /* Images.xcassets */,
				3D62CF141992788900BA642E /* Supporting Files */,
			);
			path = itjh_ios;
			sourceTree = "<group>";
		};
		3D62CF141992788900BA642E /* Supporting Files */ = {
			isa = PBXGroup;
			children = (
				3D62CF151992788900BA642E /* Info.plist */,
			);
			name = "Supporting Files";
			sourceTree = "<group>";
		};
		3D62CF261992788900BA642E /* itjh_iosTests */ = {
			isa = PBXGroup;
			children = (
				3D62CF291992788900BA642E /* itjh_iosTests.swift */,
				3D62CF271992788900BA642E /* Supporting Files */,
			);
			path = itjh_iosTests;
			sourceTree = "<group>";
		};
		3D62CF271992788900BA642E /* Supporting Files */ = {
			isa = PBXGroup;
			children = (
				3D62CF281992788900BA642E /* Info.plist */,
			);
			name = "Supporting Files";
			sourceTree = "<group>";
		};
/* End PBXGroup section */

/* Begin PBXNativeTarget section */
		3D62CF101992788900BA642E /* itjh_ios */ = {
			isa = PBXNativeTarget;
			buildConfigurationList = 3D62CF2D1992788900BA642E /* Build configuration list for PBXNativeTarget "itjh_ios" */;
			buildPhases = (
				3D62CF0D1992788900BA642E /* Sources */,
				3D62CF0E1992788900BA642E /* Frameworks */,
				3D62CF0F1992788900BA642E /* Resources */,
			);
			buildRules = (
			);
			dependencies = (
			);
			name = itjh_ios;
			productName = itjh_ios;
			productReference = 3D62CF111992788900BA642E /* itjh_ios.app */;
			productType = "com.apple.product-type.application";
		};
		3D62CF221992788900BA642E /* itjh_iosTests */ = {
			isa = PBXNativeTarget;
			buildConfigurationList = 3D62CF301992788900BA642E /* Build configuration list for PBXNativeTarget "itjh_iosTests" */;
			buildPhases = (
				3D62CF1F1992788900BA642E /* Sources */,
				3D62CF201992788900BA642E /* Frameworks */,
				3D62CF211992788900BA642E /* Resources */,
			);
			buildRules = (
			);
			dependencies = (
				3D62CF251992788900BA642E /* PBXTargetDependency */,
			);
			name = itjh_iosTests;
			productName = itjh_iosTests;
			productReference = 3D62CF231992788900BA642E /* itjh_iosTests.xctest */;
			productType = "com.apple.product-type.bundle.unit-test";
		};
/* End PBXNativeTarget section */

/* Begin PBXProject section */
		3D62CF091992788900BA642E /* Project object */ = {
			isa = PBXProject;
			attributes = {
				LastUpgradeCheck = 0600;
				ORGANIZATIONNAME = itjh;
				TargetAttributes = {
					3D62CF101992788900BA642E = {
						CreatedOnToolsVersion = 6.0;
					};
					3D62CF221992788900BA642E = {
						CreatedOnToolsVersion = 6.0;
						TestTargetID = 3D62CF101992788900BA642E;
					};
				};
			};
			buildConfigurationList = 3D62CF0C1992788900BA642E /* Build configuration list for PBXProject "itjh_ios" */;
			compatibilityVersion = "Xcode 3.2";
			developmentRegion = English;
			hasScannedForEncodings = 0;
			knownRegions = (
				en,
				Base,
			);
			mainGroup = 3D62CF081992788900BA642E;
			productRefGroup = 3D62CF121992788900BA642E /* Products */;
			projectDirPath = "";
			projectRoot = "";
			targets = (
				3D62CF101992788900BA642E /* itjh_ios */,
				3D62CF221992788900BA642E /* itjh_iosTests */,
			);
		};
/* End PBXProject section */

/* Begin PBXResourcesBuildPhase section */
		3D62CF0F1992788900BA642E /* Resources */ = {
			isa = PBXResourcesBuildPhase;
			buildActionMask = 2147483647;
			files = (
				3D62CF1C1992788900BA642E /* Main.storyboard in Resources */,
				3D62CF1E1992788900BA642E /* Images.xcassets in Resources */,
			);
			runOnlyForDeploymentPostprocessing = 0;
		};
		3D62CF211992788900BA642E /* Resources */ = {
			isa = PBXResourcesBuildPhase;
			buildActionMask = 2147483647;
			files = (
			);
			runOnlyForDeploymentPostprocessing = 0;
		};
/* End PBXResourcesBuildPhase section */

/* Begin PBXSourcesBuildPhase section */
		3D62CF0D1992788900BA642E /* Sources */ = {
			isa = PBXSourcesBuildPhase;
			buildActionMask = 2147483647;
			files = (
				3D62CF191992788900BA642E /* ViewController.swift in Sources */,
				3D62CF171992788900BA642E /* AppDelegate.swift in Sources */,
			);
			runOnlyForDeploymentPostprocessing = 0;
		};
		3D62CF1F1992788900BA642E /* Sources */ = {
			isa = PBXSourcesBuildPhase;
			buildActionMask = 2147483647;
			files = (
				3D62CF2A1992788900BA642E /* itjh_iosTests.swift in Sources */,
			);
			runOnlyForDeploymentPostprocessing = 0;
		};
/* End PBXSourcesBuildPhase section */

/* Begin PBXTargetDependency section */
		3D62CF251992788900BA642E /* PBXTargetDependency */ = {
			isa = PBXTargetDependency;
			target = 3D62CF101992788900BA642E /* itjh_ios */;
			targetProxy = 3D62CF241992788900BA642E /* PBXContainerItemProxy */;
		};
/* End PBXTargetDependency section */

/* Begin PBXVariantGroup section */
		3D62CF1A1992788900BA642E /* Main.storyboard */ = {
			isa = PBXVariantGroup;
			children = (
				3D62CF1B1992788900BA642E /* Base */,
			);
			name = Main.storyboard;
			sourceTree = "<group>";
		};
/* End PBXVariantGroup section */

/* Begin XCBuildConfiguration section */
		3D62CF2B1992788900BA642E /* Debug */ = {
			isa = XCBuildConfiguration;
			buildSettings = {
				ALWAYS_SEARCH_USER_PATHS = NO;
				CLANG_CXX_LANGUAGE_STANDARD = "gnu++0x";
				CLANG_CXX_LIBRARY = "libc++";
				CLANG_ENABLE_MODULES = YES;
				CLANG_ENABLE_OBJC_ARC = YES;
				CLANG_WARN_BOOL_CONVERSION = YES;
				CLANG_WARN_CONSTANT_CONVERSION = YES;
				CLANG_WARN_DIRECT_OBJC_ISA_USAGE = YES_ERROR;
				CLANG_WARN_EMPTY_BODY = YES;
				CLANG_WARN_ENUM_CONVERSION = YES;
				CLANG_WARN_INT_CONVERSION = YES;
				CLANG_WARN_OBJC_ROOT_CLASS = YES_ERROR;
				CLANG_WARN_UNREACHABLE_CODE = YES;
				CLANG_WARN__DUPLICATE_METHOD_MATCH = YES;
				"CODE_SIGN_IDENTITY[sdk=iphoneos*]" = "iPhone Developer";
				COPY_PHASE_STRIP = NO;
				ENABLE_STRICT_OBJC_MSGSEND = YES;
				GCC_C_LANGUAGE_STANDARD = gnu99;
				GCC_DYNAMIC_NO_PIC = NO;
				GCC_OPTIMIZATION_LEVEL = 0;
				GCC_PREPROCESSOR_DEFINITIONS = (
					"DEBUG=1",
					"$(inherited)",
				);
				GCC_SYMBOLS_PRIVATE_EXTERN = NO;
				GCC_WARN_64_TO_32_BIT_CONVERSION = YES;
				GCC_WARN_ABOUT_RETURN_TYPE = YES_ERROR;
				GCC_WARN_UNDECLARED_SELECTOR = YES;
				GCC_WARN_UNINITIALIZED_AUTOS = YES_AGGRESSIVE;
				GCC_WARN_UNUSED_FUNCTION = YES;
				GCC_WARN_UNUSED_VARIABLE = YES;
				IPHONEOS_DEPLOYMENT_TARGET = 8.0;
				MTL_ENABLE_DEBUG_INFO = YES;
				ONLY_ACTIVE_ARCH = YES;
				SDKROOT = iphoneos;
				SWIFT_OPTIMIZATION_LEVEL = "-Onone";
			};
			name = Debug;
		};
		3D62CF2C1992788900BA642E /* Release */ = {
			isa = XCBuildConfiguration;
			buildSettings = {
				ALWAYS_SEARCH_USER_PATHS = NO;
				CLANG_CXX_LANGUAGE_STANDARD = "gnu++0x";
				CLANG_CXX_LIBRARY = "libc++";
				CLANG_ENABLE_MODULES = YES;
				CLANG_ENABLE_OBJC_ARC = YES;
				CLANG_WARN_BOOL_CONVERSION = YES;
				CLANG_WARN_CONSTANT_CONVERSION = YES;
				CLANG_WARN_DIRECT_OBJC_ISA_USAGE = YES_ERROR;
				CLANG_WARN_EMPTY_BODY = YES;
				CLANG_WARN_ENUM_CONVERSION = YES;
				CLANG_WARN_INT_CONVERSION = YES;
				CLANG_WARN_OBJC_ROOT_CLASS = YES_ERROR;
				CLANG_WARN_UNREACHABLE_CODE = YES;
				CLANG_WARN__DUPLICATE_METHOD_MATCH = YES;
				"CODE_SIGN_IDENTITY[sdk=iphoneos*]" = "iPhone Developer";
				COPY_PHASE_STRIP = YES;
				ENABLE_NS_ASSERTIONS = NO;
				ENABLE_STRICT_OBJC_MSGSEND = YES;
				GCC_C_LANGUAGE_STANDARD = gnu99;
				GCC_WARN_64_TO_32_BIT_CONVERSION = YES;
				GCC_WARN_ABOUT_RETURN_TYPE = YES_ERROR;
				GCC_WARN_UNDECLARED_SELECTOR = YES;
				GCC_WARN_UNINITIALIZED_AUTOS = YES_AGGRESSIVE;
				GCC_WARN_UNUSED_FUNCTION = YES;
				GCC_WARN_UNUSED_VARIABLE = YES;
				IPHONEOS_DEPLOYMENT_TARGET = 8.0;
				MTL_ENABLE_DEBUG_INFO = NO;
				SDKROOT = iphoneos;
				VALIDATE_PRODUCT = YES;
			};
			name = Release;
		};
		3D62CF2E1992788900BA642E /* Debug */ = {
			isa = XCBuildConfiguration;
			buildSettings = {
				ASSETCATALOG_COMPILER_APPICON_NAME = AppIcon;
				ASSETCATALOG_COMPILER_LAUNCHIMAGE_NAME = LaunchImage;
				INFOPLIST_FILE = itjh_ios/Info.plist;
				LD_RUNPATH_SEARCH_PATHS = "$(inherited) @executable_path/Frameworks";
				PRODUCT_NAME = "$(TARGET_NAME)";
			};
			name = Debug;
		};
		3D62CF2F1992788900BA642E /* Release */ = {
			isa = XCBuildConfiguration;
			buildSettings = {
				ASSETCATALOG_COMPILER_APPICON_NAME = AppIcon;
				ASSETCATALOG_COMPILER_LAUNCHIMAGE_NAME = LaunchImage;
				INFOPLIST_FILE = itjh_ios/Info.plist;
				LD_RUNPATH_SEARCH_PATHS = "$(inherited) @executable_path/Frameworks";
				PRODUCT_NAME = "$(TARGET_NAME)";
			};
			name = Release;
		};
		3D62CF311992788900BA642E /* Debug */ = {
			isa = XCBuildConfiguration;
			buildSettings = {
				BUNDLE_LOADER = "$(TEST_HOST)";
				FRAMEWORK_SEARCH_PATHS = (
					"$(SDKROOT)/Developer/Library/Frameworks",
					"$(inherited)",
				);
				GCC_PREPROCESSOR_DEFINITIONS = (
					"DEBUG=1",
					"$(inherited)",
				);
				INFOPLIST_FILE = itjh_iosTests/Info.plist;
				LD_RUNPATH_SEARCH_PATHS = "$(inherited) @executable_path/Frameworks @loader_path/Frameworks";
				PRODUCT_NAME = "$(TARGET_NAME)";
				TEST_HOST = "$(BUILT_PRODUCTS_DIR)/itjh_ios.app/itjh_ios";
			};
			name = Debug;
		};
		3D62CF321992788900BA642E /* Release */ = {
			isa = XCBuildConfiguration;
			buildSettings = {
				BUNDLE_LOADER = "$(TEST_HOST)";
				FRAMEWORK_SEARCH_PATHS = (
					"$(SDKROOT)/Developer/Library/Frameworks",
					"$(inherited)",
				);
				INFOPLIST_FILE = itjh_iosTests/Info.plist;
				LD_RUNPATH_SEARCH_PATHS = "$(inherited) @executable_path/Frameworks @loader_path/Frameworks";
				PRODUCT_NAME = "$(TARGET_NAME)";
				TEST_HOST = "$(BUILT_PRODUCTS_DIR)/itjh_ios.app/itjh_ios";
			};
			name = Release;
		};
/* End XCBuildConfiguration section */

/* Begin XCConfigurationList section */
		3D62CF0C1992788900BA642E /* Build configuration list for PBXProject "itjh_ios" */ = {
			isa = XCConfigurationList;
			buildConfigurations = (
				3D62CF2B1992788900BA642E /* Debug */,
				3D62CF2C1992788900BA642E /* Release */,
			);
			defaultConfigurationIsVisible = 0;
			defaultConfigurationName = Release;
		};
		3D62CF2D1992788900BA642E /* Build configuration list for PBXNativeTarget "itjh_ios" */ = {
			isa = XCConfigurationList;
			buildConfigurations = (
				3D62CF2E1992788900BA642E /* Debug */,
				3D62CF2F1992788900BA642E /* Release */,
			);
			defaultConfigurationIsVisible = 0;
		};
		3D62CF301992788900BA642E /* Build configuration list for PBXNativeTarget "itjh_iosTests" */ = {
			isa = XCConfigurationList;
			buildConfigurations = (
				3D62CF311992788900BA642E /* Debug */,
				3D62CF321992788900BA642E /* Release */,
			);
			defaultConfigurationIsVisible = 0;
		};
/* End XCConfigurationList section */
	};
	rootObject = 3D62CF091992788900BA642E /* Project object */;
}
