// !$*UTF8*$!
{
	archiveVersion = 1;
	classes = {
	};
	objectVersion = 46;
	objects = {

/* Begin PBXBuildFile section */
		3DFCC94619926FA200C34066 /* AppDelegate.swift in Sources */ = {isa = PBXBuildFile; fileRef = 3DFCC94519926FA200C34066 /* AppDelegate.swift */; };
		3DFCC94819926FA200C34066 /* ViewController.swift in Sources */ = {isa = PBXBuildFile; fileRef = 3DFCC94719926FA200C34066 /* ViewController.swift */; };
		3DFCC94B19926FA200C34066 /* Main.storyboard in Resources */ = {isa = PBXBuildFile; fileRef = 3DFCC94919926FA200C34066 /* Main.storyboard */; };
		3DFCC94D19926FA200C34066 /* Images.xcassets in Resources */ = {isa = PBXBuildFile; fileRef = 3DFCC94C19926FA200C34066 /* Images.xcassets */; };
		3DFCC95919926FA200C34066 /* testTests.swift in Sources */ = {isa = PBXBuildFile; fileRef = 3DFCC95819926FA200C34066 /* testTests.swift */; };
		3DFCC9631992705000C34066 /* File in Resources */ = {isa = PBXBuildFile; fileRef = 3DFCC9621992705000C34066 /* File */; };
/* End PBXBuildFile section */

/* Begin PBXContainerItemProxy section */
		3DFCC95319926FA200C34066 /* PBXContainerItemProxy */ = {
			isa = PBXContainerItemProxy;
			containerPortal = 3DFCC93819926FA100C34066 /* Project object */;
			proxyType = 1;
			remoteGlobalIDString = 3DFCC93F19926FA200C34066;
			remoteInfo = test;
		};
/* End PBXContainerItemProxy section */

/* Begin PBXFileReference section */
		3DFCC94019926FA200C34066 /* test.app */ = {isa = PBXFileReference; explicitFileType = wrapper.application; includeInIndex = 0; path = test.app; sourceTree = BUILT_PRODUCTS_DIR; };
		3DFCC94419926FA200C34066 /* Info.plist */ = {isa = PBXFileReference; lastKnownFileType = text.plist.xml; path = Info.plist; sourceTree = "<group>"; };
		3DFCC94519926FA200C34066 /* AppDelegate.swift */ = {isa = PBXFileReference; lastKnownFileType = sourcecode.swift; path = AppDelegate.swift; sourceTree = "<group>"; };
		3DFCC94719926FA200C34066 /* ViewController.swift */ = {isa = PBXFileReference; lastKnownFileType = sourcecode.swift; path = ViewController.swift; sourceTree = "<group>"; };
		3DFCC94A19926FA200C34066 /* Base */ = {isa = PBXFileReference; lastKnownFileType = file.storyboard; name = Base; path = Base.lproj/Main.storyboard; sourceTree = "<group>"; };
		3DFCC94C19926FA200C34066 /* Images.xcassets */ = {isa = PBXFileReference; lastKnownFileType = folder.assetcatalog; path = Images.xcassets; sourceTree = "<group>"; };
		3DFCC95219926FA200C34066 /* testTests.xctest */ = {isa = PBXFileReference; explicitFileType = wrapper.cfbundle; includeInIndex = 0; path = testTests.xctest; sourceTree = BUILT_PRODUCTS_DIR; };
		3DFCC95719926FA200C34066 /* Info.plist */ = {isa = PBXFileReference; lastKnownFileType = text.plist.xml; path = Info.plist; sourceTree = "<group>"; };
		3DFCC95819926FA200C34066 /* testTests.swift */ = {isa = PBXFileReference; lastKnownFileType = sourcecode.swift; path = testTests.swift; sourceTree = "<group>"; };
		3DFCC9621992705000C34066 /* File */ = {isa = PBXFileReference; fileEncoding = 4; lastKnownFileType = text; path = File; sourceTree = "<group>"; };
/* End PBXFileReference section */

/* Begin PBXFrameworksBuildPhase section */
		3DFCC93D19926FA200C34066 /* Frameworks */ = {
			isa = PBXFrameworksBuildPhase;
			buildActionMask = 2147483647;
			files = (
			);
			runOnlyForDeploymentPostprocessing = 0;
		};
		3DFCC94F19926FA200C34066 /* Frameworks */ = {
			isa = PBXFrameworksBuildPhase;
			buildActionMask = 2147483647;
			files = (
			);
			runOnlyForDeploymentPostprocessing = 0;
		};
/* End PBXFrameworksBuildPhase section */

/* Begin PBXGroup section */
		3DFCC93719926FA100C34066 = {
			isa = PBXGroup;
			children = (
				3DFCC94219926FA200C34066 /* test */,
				3DFCC95519926FA200C34066 /* testTests */,
				3DFCC94119926FA200C34066 /* Products */,
			);
			sourceTree = "<group>";
		};
		3DFCC94119926FA200C34066 /* Products */ = {
			isa = PBXGroup;
			children = (
				3DFCC94019926FA200C34066 /* test.app */,
				3DFCC95219926FA200C34066 /* testTests.xctest */,
			);
			name = Products;
			sourceTree = "<group>";
		};
		3DFCC94219926FA200C34066 /* test */ = {
			isa = PBXGroup;
			children = (
				3DFCC94519926FA200C34066 /* AppDelegate.swift */,
				3DFCC94719926FA200C34066 /* ViewController.swift */,
				3DFCC94919926FA200C34066 /* Main.storyboard */,
				3DFCC9621992705000C34066 /* File */,
				3DFCC94C19926FA200C34066 /* Images.xcassets */,
				3DFCC94319926FA200C34066 /* Supporting Files */,
			);
			path = test;
			sourceTree = "<group>";
		};
		3DFCC94319926FA200C34066 /* Supporting Files */ = {
			isa = PBXGroup;
			children = (
				3DFCC94419926FA200C34066 /* Info.plist */,
			);
			name = "Supporting Files";
			sourceTree = "<group>";
		};
		3DFCC95519926FA200C34066 /* testTests */ = {
			isa = PBXGroup;
			children = (
				3DFCC95819926FA200C34066 /* testTests.swift */,
				3DFCC95619926FA200C34066 /* Supporting Files */,
			);
			path = testTests;
			sourceTree = "<group>";
		};
		3DFCC95619926FA200C34066 /* Supporting Files */ = {
			isa = PBXGroup;
			children = (
				3DFCC95719926FA200C34066 /* Info.plist */,
			);
			name = "Supporting Files";
			sourceTree = "<group>";
		};
/* End PBXGroup section */

/* Begin PBXNativeTarget section */
		3DFCC93F19926FA200C34066 /* test */ = {
			isa = PBXNativeTarget;
			buildConfigurationList = 3DFCC95C19926FA200C34066 /* Build configuration list for PBXNativeTarget "test" */;
			buildPhases = (
				3DFCC93C19926FA200C34066 /* Sources */,
				3DFCC93D19926FA200C34066 /* Frameworks */,
				3DFCC93E19926FA200C34066 /* Resources */,
			);
			buildRules = (
			);
			dependencies = (
			);
			name = test;
			productName = test;
			productReference = 3DFCC94019926FA200C34066 /* test.app */;
			productType = "com.apple.product-type.application";
		};
		3DFCC95119926FA200C34066 /* testTests */ = {
			isa = PBXNativeTarget;
			buildConfigurationList = 3DFCC95F19926FA200C34066 /* Build configuration list for PBXNativeTarget "testTests" */;
			buildPhases = (
				3DFCC94E19926FA200C34066 /* Sources */,
				3DFCC94F19926FA200C34066 /* Frameworks */,
				3DFCC95019926FA200C34066 /* Resources */,
			);
			buildRules = (
			);
			dependencies = (
				3DFCC95419926FA200C34066 /* PBXTargetDependency */,
			);
			name = testTests;
			productName = testTests;
			productReference = 3DFCC95219926FA200C34066 /* testTests.xctest */;
			productType = "com.apple.product-type.bundle.unit-test";
		};
/* End PBXNativeTarget section */

/* Begin PBXProject section */
		3DFCC93819926FA100C34066 /* Project object */ = {
			isa = PBXProject;
			attributes = {
				LastUpgradeCheck = 0600;
				ORGANIZATIONNAME = itjh;
				TargetAttributes = {
					3DFCC93F19926FA200C34066 = {
						CreatedOnToolsVersion = 6.0;
					};
					3DFCC95119926FA200C34066 = {
						CreatedOnToolsVersion = 6.0;
						TestTargetID = 3DFCC93F19926FA200C34066;
					};
				};
			};
			buildConfigurationList = 3DFCC93B19926FA100C34066 /* Build configuration list for PBXProject "test" */;
			compatibilityVersion = "Xcode 3.2";
			developmentRegion = English;
			hasScannedForEncodings = 0;
			knownRegions = (
				en,
				Base,
			);
			mainGroup = 3DFCC93719926FA100C34066;
			productRefGroup = 3DFCC94119926FA200C34066 /* Products */;
			projectDirPath = "";
			projectRoot = "";
			targets = (
				3DFCC93F19926FA200C34066 /* test */,
				3DFCC95119926FA200C34066 /* testTests */,
			);
		};
/* End PBXProject section */

/* Begin PBXResourcesBuildPhase section */
		3DFCC93E19926FA200C34066 /* Resources */ = {
			isa = PBXResourcesBuildPhase;
			buildActionMask = 2147483647;
			files = (
				3DFCC94B19926FA200C34066 /* Main.storyboard in Resources */,
				3DFCC94D19926FA200C34066 /* Images.xcassets in Resources */,
				3DFCC9631992705000C34066 /* File in Resources */,
			);
			runOnlyForDeploymentPostprocessing = 0;
		};
		3DFCC95019926FA200C34066 /* Resources */ = {
			isa = PBXResourcesBuildPhase;
			buildActionMask = 2147483647;
			files = (
			);
			runOnlyForDeploymentPostprocessing = 0;
		};
/* End PBXResourcesBuildPhase section */

/* Begin PBXSourcesBuildPhase section */
		3DFCC93C19926FA200C34066 /* Sources */ = {
			isa = PBXSourcesBuildPhase;
			buildActionMask = 2147483647;
			files = (
				3DFCC94819926FA200C34066 /* ViewController.swift in Sources */,
				3DFCC94619926FA200C34066 /* AppDelegate.swift in Sources */,
			);
			runOnlyForDeploymentPostprocessing = 0;
		};
		3DFCC94E19926FA200C34066 /* Sources */ = {
			isa = PBXSourcesBuildPhase;
			buildActionMask = 2147483647;
			files = (
				3DFCC95919926FA200C34066 /* testTests.swift in Sources */,
			);
			runOnlyForDeploymentPostprocessing = 0;
		};
/* End PBXSourcesBuildPhase section */

/* Begin PBXTargetDependency section */
		3DFCC95419926FA200C34066 /* PBXTargetDependency */ = {
			isa = PBXTargetDependency;
			target = 3DFCC93F19926FA200C34066 /* test */;
			targetProxy = 3DFCC95319926FA200C34066 /* PBXContainerItemProxy */;
		};
/* End PBXTargetDependency section */

/* Begin PBXVariantGroup section */
		3DFCC94919926FA200C34066 /* Main.storyboard */ = {
			isa = PBXVariantGroup;
			children = (
				3DFCC94A19926FA200C34066 /* Base */,
			);
			name = Main.storyboard;
			sourceTree = "<group>";
		};
/* End PBXVariantGroup section */

/* Begin XCBuildConfiguration section */
		3DFCC95A19926FA200C34066 /* Debug */ = {
			isa = XCBuildConfiguration;
			buildSettings = {
				ALWAYS_SEARCH_USER_PATHS = NO;
				CLANG_CXX_LANGUAGE_STANDARD = "gnu++0x";
				CLANG_CXX_LIBRARY = "libc++";
				CLANG_ENABLE_MODULES = YES;
				CLANG_ENABLE_OBJC_ARC = YES;
				CLANG_WARN_BOOL_CONVERSION = YES;
				CLANG_WARN_CONSTANT_CONVERSION = YES;
				CLANG_WARN_DIRECT_OBJC_ISA_USAGE = YES_ERROR;
				CLANG_WARN_EMPTY_BODY = YES;
				CLANG_WARN_ENUM_CONVERSION = YES;
				CLANG_WARN_INT_CONVERSION = YES;
				CLANG_WARN_OBJC_ROOT_CLASS = YES_ERROR;
				CLANG_WARN_UNREACHABLE_CODE = YES;
				CLANG_WARN__DUPLICATE_METHOD_MATCH = YES;
				"CODE_SIGN_IDENTITY[sdk=iphoneos*]" = "iPhone Developer";
				COPY_PHASE_STRIP = NO;
				ENABLE_STRICT_OBJC_MSGSEND = YES;
				GCC_C_LANGUAGE_STANDARD = gnu99;
				GCC_DYNAMIC_NO_PIC = NO;
				GCC_OPTIMIZATION_LEVEL = 0;
				GCC_PREPROCESSOR_DEFINITIONS = (
					"DEBUG=1",
					"$(inherited)",
				);
				GCC_SYMBOLS_PRIVATE_EXTERN = NO;
				GCC_WARN_64_TO_32_BIT_CONVERSION = YES;
				GCC_WARN_ABOUT_RETURN_TYPE = YES_ERROR;
				GCC_WARN_UNDECLARED_SELECTOR = YES;
				GCC_WARN_UNINITIALIZED_AUTOS = YES_AGGRESSIVE;
				GCC_WARN_UNUSED_FUNCTION = YES;
				GCC_WARN_UNUSED_VARIABLE = YES;
				IPHONEOS_DEPLOYMENT_TARGET = 8.0;
				MTL_ENABLE_DEBUG_INFO = YES;
				ONLY_ACTIVE_ARCH = YES;
				SDKROOT = iphoneos;
				SWIFT_OPTIMIZATION_LEVEL = "-Onone";
			};
			name = Debug;
		};
		3DFCC95B19926FA200C34066 /* Release */ = {
			isa = XCBuildConfiguration;
			buildSettings = {
				ALWAYS_SEARCH_USER_PATHS = NO;
				CLANG_CXX_LANGUAGE_STANDARD = "gnu++0x";
				CLANG_CXX_LIBRARY = "libc++";
				CLANG_ENABLE_MODULES = YES;
				CLANG_ENABLE_OBJC_ARC = YES;
				CLANG_WARN_BOOL_CONVERSION = YES;
				CLANG_WARN_CONSTANT_CONVERSION = YES;
				CLANG_WARN_DIRECT_OBJC_ISA_USAGE = YES_ERROR;
				CLANG_WARN_EMPTY_BODY = YES;
				CLANG_WARN_ENUM_CONVERSION = YES;
				CLANG_WARN_INT_CONVERSION = YES;
				CLANG_WARN_OBJC_ROOT_CLASS = YES_ERROR;
				CLANG_WARN_UNREACHABLE_CODE = YES;
				CLANG_WARN__DUPLICATE_METHOD_MATCH = YES;
				"CODE_SIGN_IDENTITY[sdk=iphoneos*]" = "iPhone Developer";
				COPY_PHASE_STRIP = YES;
				ENABLE_NS_ASSERTIONS = NO;
				ENABLE_STRICT_OBJC_MSGSEND = YES;
				GCC_C_LANGUAGE_STANDARD = gnu99;
				GCC_WARN_64_TO_32_BIT_CONVERSION = YES;
				GCC_WARN_ABOUT_RETURN_TYPE = YES_ERROR;
				GCC_WARN_UNDECLARED_SELECTOR = YES;
				GCC_WARN_UNINITIALIZED_AUTOS = YES_AGGRESSIVE;
				GCC_WARN_UNUSED_FUNCTION = YES;
				GCC_WARN_UNUSED_VARIABLE = YES;
				IPHONEOS_DEPLOYMENT_TARGET = 8.0;
				MTL_ENABLE_DEBUG_INFO = NO;
				SDKROOT = iphoneos;
				VALIDATE_PRODUCT = YES;
			};
			name = Release;
		};
		3DFCC95D19926FA200C34066 /* Debug */ = {
			isa = XCBuildConfiguration;
			buildSettings = {
				ASSETCATALOG_COMPILER_APPICON_NAME = AppIcon;
				ASSETCATALOG_COMPILER_LAUNCHIMAGE_NAME = LaunchImage;
				INFOPLIST_FILE = test/Info.plist;
				LD_RUNPATH_SEARCH_PATHS = "$(inherited) @executable_path/Frameworks";
				PRODUCT_NAME = "$(TARGET_NAME)";
			};
			name = Debug;
		};
		3DFCC95E19926FA200C34066 /* Release */ = {
			isa = XCBuildConfiguration;
			buildSettings = {
				ASSETCATALOG_COMPILER_APPICON_NAME = AppIcon;
				ASSETCATALOG_COMPILER_LAUNCHIMAGE_NAME = LaunchImage;
				INFOPLIST_FILE = test/Info.plist;
				LD_RUNPATH_SEARCH_PATHS = "$(inherited) @executable_path/Frameworks";
				PRODUCT_NAME = "$(TARGET_NAME)";
			};
			name = Release;
		};
		3DFCC96019926FA200C34066 /* Debug */ = {
			isa = XCBuildConfiguration;
			buildSettings = {
				BUNDLE_LOADER = "$(TEST_HOST)";
				FRAMEWORK_SEARCH_PATHS = (
					"$(SDKROOT)/Developer/Library/Frameworks",
					"$(inherited)",
				);
				GCC_PREPROCESSOR_DEFINITIONS = (
					"DEBUG=1",
					"$(inherited)",
				);
				INFOPLIST_FILE = testTests/Info.plist;
				LD_RUNPATH_SEARCH_PATHS = "$(inherited) @executable_path/Frameworks @loader_path/Frameworks";
				PRODUCT_NAME = "$(TARGET_NAME)";
				TEST_HOST = "$(BUILT_PRODUCTS_DIR)/test.app/test";
			};
			name = Debug;
		};
		3DFCC96119926FA200C34066 /* Release */ = {
			isa = XCBuildConfiguration;
			buildSettings = {
				BUNDLE_LOADER = "$(TEST_HOST)";
				FRAMEWORK_SEARCH_PATHS = (
					"$(SDKROOT)/Developer/Library/Frameworks",
					"$(inherited)",
				);
				INFOPLIST_FILE = testTests/Info.plist;
				LD_RUNPATH_SEARCH_PATHS = "$(inherited) @executable_path/Frameworks @loader_path/Frameworks";
				PRODUCT_NAME = "$(TARGET_NAME)";
				TEST_HOST = "$(BUILT_PRODUCTS_DIR)/test.app/test";
			};
			name = Release;
		};
/* End XCBuildConfiguration section */

/* Begin XCConfigurationList section */
		3DFCC93B19926FA100C34066 /* Build configuration list for PBXProject "test" */ = {
			isa = XCConfigurationList;
			buildConfigurations = (
				3DFCC95A19926FA200C34066 /* Debug */,
				3DFCC95B19926FA200C34066 /* Release */,
			);
			defaultConfigurationIsVisible = 0;
			defaultConfigurationName = Release;
		};
		3DFCC95C19926FA200C34066 /* Build configuration list for PBXNativeTarget "test" */ = {
			isa = XCConfigurationList;
			buildConfigurations = (
				3DFCC95D19926FA200C34066 /* Debug */,
				3DFCC95E19926FA200C34066 /* Release */,
			);
			defaultConfigurationIsVisible = 0;
		};
		3DFCC95F19926FA200C34066 /* Build configuration list for PBXNativeTarget "testTests" */ = {
			isa = XCConfigurationList;
			buildConfigurations = (
				3DFCC96019926FA200C34066 /* Debug */,
				3DFCC96119926FA200C34066 /* Release */,
			);
			defaultConfigurationIsVisible = 0;
		};
/* End XCConfigurationList section */
	};
	rootObject = 3DFCC93819926FA100C34066 /* Project object */;
}
