// !$*UTF8*$!
{
	archiveVersion = 1;
	classes = {
	};
	objectVersion = 46;
	objects = {

/* Begin PBXBuildFile section */
		3D62CEEC1992774800BA642E /* AppDelegate.swift in Sources */ = {isa = PBXBuildFile; fileRef = 3D62CEEB1992774800BA642E /* AppDelegate.swift */; };
		3D62CEEE1992774800BA642E /* ViewController.swift in Sources */ = {isa = PBXBuildFile; fileRef = 3D62CEED1992774800BA642E /* ViewController.swift */; };
		3D62CEF11992774800BA642E /* Main.storyboard in Resources */ = {isa = PBXBuildFile; fileRef = 3D62CEEF1992774800BA642E /* Main.storyboard */; };
		3D62CEF31992774800BA642E /* Images.xcassets in Resources */ = {isa = PBXBuildFile; fileRef = 3D62CEF21992774800BA642E /* Images.xcassets */; };
		3D62CEFF1992774800BA642E /* testeeeeTests.swift in Sources */ = {isa = PBXBuildFile; fileRef = 3D62CEFE1992774800BA642E /* testeeeeTests.swift */; };
/* End PBXBuildFile section */

/* Begin PBXContainerItemProxy section */
		3D62CEF91992774800BA642E /* PBXContainerItemProxy */ = {
			isa = PBXContainerItemProxy;
			containerPortal = 3D62CEDE1992774800BA642E /* Project object */;
			proxyType = 1;
			remoteGlobalIDString = 3D62CEE51992774800BA642E;
			remoteInfo = testeeee;
		};
/* End PBXContainerItemProxy section */

/* Begin PBXFileReference section */
		3D62CEE61992774800BA642E /* testeeee.app */ = {isa = PBXFileReference; explicitFileType = wrapper.application; includeInIndex = 0; path = testeeee.app; sourceTree = BUILT_PRODUCTS_DIR; };
		3D62CEEA1992774800BA642E /* Info.plist */ = {isa = PBXFileReference; lastKnownFileType = text.plist.xml; path = Info.plist; sourceTree = "<group>"; };
		3D62CEEB1992774800BA642E /* AppDelegate.swift */ = {isa = PBXFileReference; lastKnownFileType = sourcecode.swift; path = AppDelegate.swift; sourceTree = "<group>"; };
		3D62CEED1992774800BA642E /* ViewController.swift */ = {isa = PBXFileReference; lastKnownFileType = sourcecode.swift; path = ViewController.swift; sourceTree = "<group>"; };
		3D62CEF01992774800BA642E /* Base */ = {isa = PBXFileReference; lastKnownFileType = file.storyboard; name = Base; path = Base.lproj/Main.storyboard; sourceTree = "<group>"; };
		3D62CEF21992774800BA642E /* Images.xcassets */ = {isa = PBXFileReference; lastKnownFileType = folder.assetcatalog; path = Images.xcassets; sourceTree = "<group>"; };
		3D62CEF81992774800BA642E /* testeeeeTests.xctest */ = {isa = PBXFileReference; explicitFileType = wrapper.cfbundle; includeInIndex = 0; path = testeeeeTests.xctest; sourceTree = BUILT_PRODUCTS_DIR; };
		3D62CEFD1992774800BA642E /* Info.plist */ = {isa = PBXFileReference; lastKnownFileType = text.plist.xml; path = Info.plist; sourceTree = "<group>"; };
		3D62CEFE1992774800BA642E /* testeeeeTests.swift */ = {isa = PBXFileReference; lastKnownFileType = sourcecode.swift; path = testeeeeTests.swift; sourceTree = "<group>"; };
/* End PBXFileReference section */

/* Begin PBXFrameworksBuildPhase section */
		3D62CEE31992774800BA642E /* Frameworks */ = {
			isa = PBXFrameworksBuildPhase;
			buildActionMask = 2147483647;
			files = (
			);
			runOnlyForDeploymentPostprocessing = 0;
		};
		3D62CEF51992774800BA642E /* Frameworks */ = {
			isa = PBXFrameworksBuildPhase;
			buildActionMask = 2147483647;
			files = (
			);
			runOnlyForDeploymentPostprocessing = 0;
		};
/* End PBXFrameworksBuildPhase section */

/* Begin PBXGroup section */
		3D62CEDD1992774800BA642E = {
			isa = PBXGroup;
			children = (
				3D62CEE81992774800BA642E /* testeeee */,
				3D62CEFB1992774800BA642E /* testeeeeTests */,
				3D62CEE71992774800BA642E /* Products */,
			);
			sourceTree = "<group>";
		};
		3D62CEE71992774800BA642E /* Products */ = {
			isa = PBXGroup;
			children = (
				3D62CEE61992774800BA642E /* testeeee.app */,
				3D62CEF81992774800BA642E /* testeeeeTests.xctest */,
			);
			name = Products;
			sourceTree = "<group>";
		};
		3D62CEE81992774800BA642E /* testeeee */ = {
			isa = PBXGroup;
			children = (
				3D62CEEB1992774800BA642E /* AppDelegate.swift */,
				3D62CEED1992774800BA642E /* ViewController.swift */,
				3D62CEEF1992774800BA642E /* Main.storyboard */,
				3D62CEF21992774800BA642E /* Images.xcassets */,
				3D62CEE91992774800BA642E /* Supporting Files */,
			);
			path = testeeee;
			sourceTree = "<group>";
		};
		3D62CEE91992774800BA642E /* Supporting Files */ = {
			isa = PBXGroup;
			children = (
				3D62CEEA1992774800BA642E /* Info.plist */,
			);
			name = "Supporting Files";
			sourceTree = "<group>";
		};
		3D62CEFB1992774800BA642E /* testeeeeTests */ = {
			isa = PBXGroup;
			children = (
				3D62CEFE1992774800BA642E /* testeeeeTests.swift */,
				3D62CEFC1992774800BA642E /* Supporting Files */,
			);
			path = testeeeeTests;
			sourceTree = "<group>";
		};
		3D62CEFC1992774800BA642E /* Supporting Files */ = {
			isa = PBXGroup;
			children = (
				3D62CEFD1992774800BA642E /* Info.plist */,
			);
			name = "Supporting Files";
			sourceTree = "<group>";
		};
/* End PBXGroup section */

/* Begin PBXNativeTarget section */
		3D62CEE51992774800BA642E /* testeeee */ = {
			isa = PBXNativeTarget;
			buildConfigurationList = 3D62CF021992774800BA642E /* Build configuration list for PBXNativeTarget "testeeee" */;
			buildPhases = (
				3D62CEE21992774800BA642E /* Sources */,
				3D62CEE31992774800BA642E /* Frameworks */,
				3D62CEE41992774800BA642E /* Resources */,
			);
			buildRules = (
			);
			dependencies = (
			);
			name = testeeee;
			productName = testeeee;
			productReference = 3D62CEE61992774800BA642E /* testeeee.app */;
			productType = "com.apple.product-type.application";
		};
		3D62CEF71992774800BA642E /* testeeeeTests */ = {
			isa = PBXNativeTarget;
			buildConfigurationList = 3D62CF051992774800BA642E /* Build configuration list for PBXNativeTarget "testeeeeTests" */;
			buildPhases = (
				3D62CEF41992774800BA642E /* Sources */,
				3D62CEF51992774800BA642E /* Frameworks */,
				3D62CEF61992774800BA642E /* Resources */,
			);
			buildRules = (
			);
			dependencies = (
				3D62CEFA1992774800BA642E /* PBXTargetDependency */,
			);
			name = testeeeeTests;
			productName = testeeeeTests;
			productReference = 3D62CEF81992774800BA642E /* testeeeeTests.xctest */;
			productType = "com.apple.product-type.bundle.unit-test";
		};
/* End PBXNativeTarget section */

/* Begin PBXProject section */
		3D62CEDE1992774800BA642E /* Project object */ = {
			isa = PBXProject;
			attributes = {
				LastUpgradeCheck = 0600;
				ORGANIZATIONNAME = itjh;
				TargetAttributes = {
					3D62CEE51992774800BA642E = {
						CreatedOnToolsVersion = 6.0;
					};
					3D62CEF71992774800BA642E = {
						CreatedOnToolsVersion = 6.0;
						TestTargetID = 3D62CEE51992774800BA642E;
					};
				};
			};
			buildConfigurationList = 3D62CEE11992774800BA642E /* Build configuration list for PBXProject "testeeee" */;
			compatibilityVersion = "Xcode 3.2";
			developmentRegion = English;
			hasScannedForEncodings = 0;
			knownRegions = (
				en,
				Base,
			);
			mainGroup = 3D62CEDD1992774800BA642E;
			productRefGroup = 3D62CEE71992774800BA642E /* Products */;
			projectDirPath = "";
			projectRoot = "";
			targets = (
				3D62CEE51992774800BA642E /* testeeee */,
				3D62CEF71992774800BA642E /* testeeeeTests */,
			);
		};
/* End PBXProject section */

/* Begin PBXResourcesBuildPhase section */
		3D62CEE41992774800BA642E /* Resources */ = {
			isa = PBXResourcesBuildPhase;
			buildActionMask = 2147483647;
			files = (
				3D62CEF11992774800BA642E /* Main.storyboard in Resources */,
				3D62CEF31992774800BA642E /* Images.xcassets in Resources */,
			);
			runOnlyForDeploymentPostprocessing = 0;
		};
		3D62CEF61992774800BA642E /* Resources */ = {
			isa = PBXResourcesBuildPhase;
			buildActionMask = 2147483647;
			files = (
			);
			runOnlyForDeploymentPostprocessing = 0;
		};
/* End PBXResourcesBuildPhase section */

/* Begin PBXSourcesBuildPhase section */
		3D62CEE21992774800BA642E /* Sources */ = {
			isa = PBXSourcesBuildPhase;
			buildActionMask = 2147483647;
			files = (
				3D62CEEE1992774800BA642E /* ViewController.swift in Sources */,
				3D62CEEC1992774800BA642E /* AppDelegate.swift in Sources */,
			);
			runOnlyForDeploymentPostprocessing = 0;
		};
		3D62CEF41992774800BA642E /* Sources */ = {
			isa = PBXSourcesBuildPhase;
			buildActionMask = 2147483647;
			files = (
				3D62CEFF1992774800BA642E /* testeeeeTests.swift in Sources */,
			);
			runOnlyForDeploymentPostprocessing = 0;
		};
/* End PBXSourcesBuildPhase section */

/* Begin PBXTargetDependency section */
		3D62CEFA1992774800BA642E /* PBXTargetDependency */ = {
			isa = PBXTargetDependency;
			target = 3D62CEE51992774800BA642E /* testeeee */;
			targetProxy = 3D62CEF91992774800BA642E /* PBXContainerItemProxy */;
		};
/* End PBXTargetDependency section */

/* Begin PBXVariantGroup section */
		3D62CEEF1992774800BA642E /* Main.storyboard */ = {
			isa = PBXVariantGroup;
			children = (
				3D62CEF01992774800BA642E /* Base */,
			);
			name = Main.storyboard;
			sourceTree = "<group>";
		};
/* End PBXVariantGroup section */

/* Begin XCBuildConfiguration section */
		3D62CF001992774800BA642E /* Debug */ = {
			isa = XCBuildConfiguration;
			buildSettings = {
				ALWAYS_SEARCH_USER_PATHS = NO;
				CLANG_CXX_LANGUAGE_STANDARD = "gnu++0x";
				CLANG_CXX_LIBRARY = "libc++";
				CLANG_ENABLE_MODULES = YES;
				CLANG_ENABLE_OBJC_ARC = YES;
				CLANG_WARN_BOOL_CONVERSION = YES;
				CLANG_WARN_CONSTANT_CONVERSION = YES;
				CLANG_WARN_DIRECT_OBJC_ISA_USAGE = YES_ERROR;
				CLANG_WARN_EMPTY_BODY = YES;
				CLANG_WARN_ENUM_CONVERSION = YES;
				CLANG_WARN_INT_CONVERSION = YES;
				CLANG_WARN_OBJC_ROOT_CLASS = YES_ERROR;
				CLANG_WARN_UNREACHABLE_CODE = YES;
				CLANG_WARN__DUPLICATE_METHOD_MATCH = YES;
				"CODE_SIGN_IDENTITY[sdk=iphoneos*]" = "iPhone Developer";
				COPY_PHASE_STRIP = NO;
				ENABLE_STRICT_OBJC_MSGSEND = YES;
				GCC_C_LANGUAGE_STANDARD = gnu99;
				GCC_DYNAMIC_NO_PIC = NO;
				GCC_OPTIMIZATION_LEVEL = 0;
				GCC_PREPROCESSOR_DEFINITIONS = (
					"DEBUG=1",
					"$(inherited)",
				);
				GCC_SYMBOLS_PRIVATE_EXTERN = NO;
				GCC_WARN_64_TO_32_BIT_CONVERSION = YES;
				GCC_WARN_ABOUT_RETURN_TYPE = YES_ERROR;
				GCC_WARN_UNDECLARED_SELECTOR = YES;
				GCC_WARN_UNINITIALIZED_AUTOS = YES_AGGRESSIVE;
				GCC_WARN_UNUSED_FUNCTION = YES;
				GCC_WARN_UNUSED_VARIABLE = YES;
				IPHONEOS_DEPLOYMENT_TARGET = 8.0;
				MTL_ENABLE_DEBUG_INFO = YES;
				ONLY_ACTIVE_ARCH = YES;
				SDKROOT = iphoneos;
				SWIFT_OPTIMIZATION_LEVEL = "-Onone";
			};
			name = Debug;
		};
		3D62CF011992774800BA642E /* Release */ = {
			isa = XCBuildConfiguration;
			buildSettings = {
				ALWAYS_SEARCH_USER_PATHS = NO;
				CLANG_CXX_LANGUAGE_STANDARD = "gnu++0x";
				CLANG_CXX_LIBRARY = "libc++";
				CLANG_ENABLE_MODULES = YES;
				CLANG_ENABLE_OBJC_ARC = YES;
				CLANG_WARN_BOOL_CONVERSION = YES;
				CLANG_WARN_CONSTANT_CONVERSION = YES;
				CLANG_WARN_DIRECT_OBJC_ISA_USAGE = YES_ERROR;
				CLANG_WARN_EMPTY_BODY = YES;
				CLANG_WARN_ENUM_CONVERSION = YES;
				CLANG_WARN_INT_CONVERSION = YES;
				CLANG_WARN_OBJC_ROOT_CLASS = YES_ERROR;
				CLANG_WARN_UNREACHABLE_CODE = YES;
				CLANG_WARN__DUPLICATE_METHOD_MATCH = YES;
				"CODE_SIGN_IDENTITY[sdk=iphoneos*]" = "iPhone Developer";
				COPY_PHASE_STRIP = YES;
				ENABLE_NS_ASSERTIONS = NO;
				ENABLE_STRICT_OBJC_MSGSEND = YES;
				GCC_C_LANGUAGE_STANDARD = gnu99;
				GCC_WARN_64_TO_32_BIT_CONVERSION = YES;
				GCC_WARN_ABOUT_RETURN_TYPE = YES_ERROR;
				GCC_WARN_UNDECLARED_SELECTOR = YES;
				GCC_WARN_UNINITIALIZED_AUTOS = YES_AGGRESSIVE;
				GCC_WARN_UNUSED_FUNCTION = YES;
				GCC_WARN_UNUSED_VARIABLE = YES;
				IPHONEOS_DEPLOYMENT_TARGET = 8.0;
				MTL_ENABLE_DEBUG_INFO = NO;
				SDKROOT = iphoneos;
				VALIDATE_PRODUCT = YES;
			};
			name = Release;
		};
		3D62CF031992774800BA642E /* Debug */ = {
			isa = XCBuildConfiguration;
			buildSettings = {
				ASSETCATALOG_COMPILER_APPICON_NAME = AppIcon;
				ASSETCATALOG_COMPILER_LAUNCHIMAGE_NAME = LaunchImage;
				INFOPLIST_FILE = testeeee/Info.plist;
				LD_RUNPATH_SEARCH_PATHS = "$(inherited) @executable_path/Frameworks";
				PRODUCT_NAME = "$(TARGET_NAME)";
			};
			name = Debug;
		};
		3D62CF041992774800BA642E /* Release */ = {
			isa = XCBuildConfiguration;
			buildSettings = {
				ASSETCATALOG_COMPILER_APPICON_NAME = AppIcon;
				ASSETCATALOG_COMPILER_LAUNCHIMAGE_NAME = LaunchImage;
				INFOPLIST_FILE = testeeee/Info.plist;
				LD_RUNPATH_SEARCH_PATHS = "$(inherited) @executable_path/Frameworks";
				PRODUCT_NAME = "$(TARGET_NAME)";
			};
			name = Release;
		};
		3D62CF061992774800BA642E /* Debug */ = {
			isa = XCBuildConfiguration;
			buildSettings = {
				BUNDLE_LOADER = "$(TEST_HOST)";
				FRAMEWORK_SEARCH_PATHS = (
					"$(SDKROOT)/Developer/Library/Frameworks",
					"$(inherited)",
				);
				GCC_PREPROCESSOR_DEFINITIONS = (
					"DEBUG=1",
					"$(inherited)",
				);
				INFOPLIST_FILE = testeeeeTests/Info.plist;
				LD_RUNPATH_SEARCH_PATHS = "$(inherited) @executable_path/Frameworks @loader_path/Frameworks";
				PRODUCT_NAME = "$(TARGET_NAME)";
				TEST_HOST = "$(BUILT_PRODUCTS_DIR)/testeeee.app/testeeee";
			};
			name = Debug;
		};
		3D62CF071992774800BA642E /* Release */ = {
			isa = XCBuildConfiguration;
			buildSettings = {
				BUNDLE_LOADER = "$(TEST_HOST)";
				FRAMEWORK_SEARCH_PATHS = (
					"$(SDKROOT)/Developer/Library/Frameworks",
					"$(inherited)",
				);
				INFOPLIST_FILE = testeeeeTests/Info.plist;
				LD_RUNPATH_SEARCH_PATHS = "$(inherited) @executable_path/Frameworks @loader_path/Frameworks";
				PRODUCT_NAME = "$(TARGET_NAME)";
				TEST_HOST = "$(BUILT_PRODUCTS_DIR)/testeeee.app/testeeee";
			};
			name = Release;
		};
/* End XCBuildConfiguration section */

/* Begin XCConfigurationList section */
		3D62CEE11992774800BA642E /* Build configuration list for PBXProject "testeeee" */ = {
			isa = XCConfigurationList;
			buildConfigurations = (
				3D62CF001992774800BA642E /* Debug */,
				3D62CF011992774800BA642E /* Release */,
			);
			defaultConfigurationIsVisible = 0;
			defaultConfigurationName = Release;
		};
		3D62CF021992774800BA642E /* Build configuration list for PBXNativeTarget "testeeee" */ = {
			isa = XCConfigurationList;
			buildConfigurations = (
				3D62CF031992774800BA642E /* Debug */,
				3D62CF041992774800BA642E /* Release */,
			);
			defaultConfigurationIsVisible = 0;
		};
		3D62CF051992774800BA642E /* Build configuration list for PBXNativeTarget "testeeeeTests" */ = {
			isa = XCConfigurationList;
			buildConfigurations = (
				3D62CF061992774800BA642E /* Debug */,
				3D62CF071992774800BA642E /* Release */,
			);
			defaultConfigurationIsVisible = 0;
		};
/* End XCConfigurationList section */
	};
	rootObject = 3D62CEDE1992774800BA642E /* Project object */;
}
